
Microsoft Visual Studio Solution File, Format Version 12.00
# Visual Studio Version 16
VisualStudioVersion = 16.0.30320.27
MinimumVisualStudioVersion = 10.0.40219.1
Project("{888888A0-9F3D-457C-B088-3A5042F75D52}") = "visual_4", "visual_4\visual_4.pyproj", "{023F04F3-21D1-40E4-B051-30858453ACCC}"
EndProject
Global
	GlobalSection(SolutionConfigurationPlatforms) = preSolution
		Debug|Any CPU = Debug|Any CPU
		Release|Any CPU = Release|Any CPU
	EndGlobalSection
	GlobalSection(ProjectConfigurationPlatforms) = postSolution
		{023F04F3-21D1-40E4-B051-30858453ACCC}.Debug|Any CPU.ActiveCfg = Debug|Any CPU
		{023F04F3-21D1-40E4-B051-30858453ACCC}.Release|Any CPU.ActiveCfg = Release|Any CPU
	EndGlobalSection
	GlobalSection(SolutionProperties) = preSolution
		HideSolutionNode = FALSE
	EndGlobalSection
	GlobalSection(ExtensibilityGlobals) = postSolution
		SolutionGuid = {C5576635-6913-4E4A-87D4-5E553D091CCB}
	EndGlobalSection
EndGlobal
